
Microsoft Visual Studio Solution File, Format Version 12.00
# Visual Studio Version 16
VisualStudioVersion = 16.0.31112.23
MinimumVisualStudioVersion = 10.0.40219.1
Project("{9A19103F-16F7-4668-BE54-9A1E7A4F7556}") = "Passwd.Valid.API", "Passwd.Valid.API\Passwd.Valid.API.csproj", "{A852631B-5AC7-4C91-B480-1F8CCA6B24FC}"
EndProject
Project("{9A19103F-16F7-4668-BE54-9A1E7A4F7556}") = "Passwd.Valid.Domain", "Passwd.Valid.Domain\Passwd.Valid.Domain.csproj", "{E95BD504-40F2-4F4F-A707-08FB000682AB}"
EndProject
Project("{2150E333-8FDC-42A3-9474-1A3956D46DE8}") = "src", "src", "{732B23C5-CF73-4214-A32F-FF6CB3F7AAA6}"
EndProject
Project("{2150E333-8FDC-42A3-9474-1A3956D46DE8}") = "test", "test", "{72E3CE47-C6CE-4613-AF5D-9CAE1F8FF59A}"
EndProject
Project("{FAE04EC0-301F-11D3-BF4B-00C04F79EFBC}") = "Passwd.Valid.Infra", "Passwd.Valid.Infra\Passwd.Valid.Infra.csproj", "{4DF88B4C-F6FA-4E46-B51F-D9F143FFE305}"
EndProject
Project("{FAE04EC0-301F-11D3-BF4B-00C04F79EFBC}") = "Passwd.Valid.UnitTest", "Passwd.Valid.UnitTest\Passwd.Valid.UnitTest.csproj", "{8FC3367A-00CB-4903-A026-AF207679CDD3}"
EndProject
Project("{FAE04EC0-301F-11D3-BF4B-00C04F79EFBC}") = "Passwd.Valid.IntegrationTest", "Passwd.Valid.IntegrationTest\Passwd.Valid.IntegrationTest.csproj", "{9FDA12AC-50A4-486A-B18B-7184CD00DDD2}"
EndProject
Global
	GlobalSection(SolutionConfigurationPlatforms) = preSolution
		Debug|Any CPU = Debug|Any CPU
		Release|Any CPU = Release|Any CPU
	EndGlobalSection
	GlobalSection(ProjectConfigurationPlatforms) = postSolution
		{A852631B-5AC7-4C91-B480-1F8CCA6B24FC}.Debug|Any CPU.ActiveCfg = Debug|Any CPU
		{A852631B-5AC7-4C91-B480-1F8CCA6B24FC}.Debug|Any CPU.Build.0 = Debug|Any CPU
		{A852631B-5AC7-4C91-B480-1F8CCA6B24FC}.Release|Any CPU.ActiveCfg = Release|Any CPU
		{A852631B-5AC7-4C91-B480-1F8CCA6B24FC}.Release|Any CPU.Build.0 = Release|Any CPU
		{E95BD504-40F2-4F4F-A707-08FB000682AB}.Debug|Any CPU.ActiveCfg = Debug|Any CPU
		{E95BD504-40F2-4F4F-A707-08FB000682AB}.Debug|Any CPU.Build.0 = Debug|Any CPU
		{E95BD504-40F2-4F4F-A707-08FB000682AB}.Release|Any CPU.ActiveCfg = Release|Any CPU
		{E95BD504-40F2-4F4F-A707-08FB000682AB}.Release|Any CPU.Build.0 = Release|Any CPU
		{4DF88B4C-F6FA-4E46-B51F-D9F143FFE305}.Debug|Any CPU.ActiveCfg = Debug|Any CPU
		{4DF88B4C-F6FA-4E46-B51F-D9F143FFE305}.Debug|Any CPU.Build.0 = Debug|Any CPU
		{4DF88B4C-F6FA-4E46-B51F-D9F143FFE305}.Release|Any CPU.ActiveCfg = Release|Any CPU
		{4DF88B4C-F6FA-4E46-B51F-D9F143FFE305}.Release|Any CPU.Build.0 = Release|Any CPU
		{8FC3367A-00CB-4903-A026-AF207679CDD3}.Debug|Any CPU.ActiveCfg = Debug|Any CPU
		{8FC3367A-00CB-4903-A026-AF207679CDD3}.Debug|Any CPU.Build.0 = Debug|Any CPU
		{8FC3367A-00CB-4903-A026-AF207679CDD3}.Release|Any CPU.ActiveCfg = Release|Any CPU
		{8FC3367A-00CB-4903-A026-AF207679CDD3}.Release|Any CPU.Build.0 = Release|Any CPU
		{9FDA12AC-50A4-486A-B18B-7184CD00DDD2}.Debug|Any CPU.ActiveCfg = Debug|Any CPU
		{9FDA12AC-50A4-486A-B18B-7184CD00DDD2}.Debug|Any CPU.Build.0 = Debug|Any CPU
		{9FDA12AC-50A4-486A-B18B-7184CD00DDD2}.Release|Any CPU.ActiveCfg = Release|Any CPU
		{9FDA12AC-50A4-486A-B18B-7184CD00DDD2}.Release|Any CPU.Build.0 = Release|Any CPU
	EndGlobalSection
	GlobalSection(SolutionProperties) = preSolution
		HideSolutionNode = FALSE
	EndGlobalSection
	GlobalSection(NestedProjects) = preSolution
		{A852631B-5AC7-4C91-B480-1F8CCA6B24FC} = {732B23C5-CF73-4214-A32F-FF6CB3F7AAA6}
		{E95BD504-40F2-4F4F-A707-08FB000682AB} = {732B23C5-CF73-4214-A32F-FF6CB3F7AAA6}
		{4DF88B4C-F6FA-4E46-B51F-D9F143FFE305} = {732B23C5-CF73-4214-A32F-FF6CB3F7AAA6}
		{8FC3367A-00CB-4903-A026-AF207679CDD3} = {72E3CE47-C6CE-4613-AF5D-9CAE1F8FF59A}
		{9FDA12AC-50A4-486A-B18B-7184CD00DDD2} = {72E3CE47-C6CE-4613-AF5D-9CAE1F8FF59A}
	EndGlobalSection
	GlobalSection(ExtensibilityGlobals) = postSolution
		SolutionGuid = {D695A4AF-8A67-449F-9025-2B0535365DEE}
	EndGlobalSection
EndGlobal
